
Microsoft Visual Studio Solution File, Format Version 12.00
# Visual Studio 15
VisualStudioVersion = 15.0.28307.168
MinimumVisualStudioVersion = 10.0.40219.1
Project("{FAE04EC0-301F-11D3-BF4B-00C04F79EFBC}") = "PhotoMarket", "PhotoMarket\PhotoMarket.csproj", "{4A2855FE-7938-45E9-ABB0-8C91BBDD8B8A}"
EndProject
Global
	GlobalSection(SolutionConfigurationPlatforms) = preSolution
		Debug|Any CPU = Debug|Any CPU
		Release|Any CPU = Release|Any CPU
	EndGlobalSection
	GlobalSection(ProjectConfigurationPlatforms) = postSolution
		{4A2855FE-7938-45E9-ABB0-8C91BBDD8B8A}.Debug|Any CPU.ActiveCfg = Debug|Any CPU
		{4A2855FE-7938-45E9-ABB0-8C91BBDD8B8A}.Debug|Any CPU.Build.0 = Debug|Any CPU
		{4A2855FE-7938-45E9-ABB0-8C91BBDD8B8A}.Release|Any CPU.ActiveCfg = Release|Any CPU
		{4A2855FE-7938-45E9-ABB0-8C91BBDD8B8A}.Release|Any CPU.Build.0 = Release|Any CPU
	EndGlobalSection
	GlobalSection(SolutionProperties) = preSolution
		HideSolutionNode = FALSE
	EndGlobalSection
	GlobalSection(ExtensibilityGlobals) = postSolution
		SolutionGuid = {6ABF3CBE-5CC6-488B-A83F-3C5E847AB7B0}
	EndGlobalSection
EndGlobal
